
Microsoft Visual Studio Solution File, Format Version 12.00
# Visual Studio Version 17
VisualStudioVersion = 17.5.33414.496
MinimumVisualStudioVersion = 10.0.40219.1
Project("{FAE04EC0-301F-11D3-BF4B-00C04F79EFBC}") = "OnlineShopWebApp", "OnlineShopWebApp\OnlineShopWebApp.csproj", "{BF4CAF02-5D05-4FB0-8569-F433B7EAA65F}"
EndProject
Global
	GlobalSection(SolutionConfigurationPlatforms) = preSolution
		Debug|Any CPU = Debug|Any CPU
		Release|Any CPU = Release|Any CPU
	EndGlobalSection
	GlobalSection(ProjectConfigurationPlatforms) = postSolution
		{BF4CAF02-5D05-4FB0-8569-F433B7EAA65F}.Debug|Any CPU.ActiveCfg = Debug|Any CPU
		{BF4CAF02-5D05-4FB0-8569-F433B7EAA65F}.Debug|Any CPU.Build.0 = Debug|Any CPU
		{BF4CAF02-5D05-4FB0-8569-F433B7EAA65F}.Release|Any CPU.ActiveCfg = Release|Any CPU
		{BF4CAF02-5D05-4FB0-8569-F433B7EAA65F}.Release|Any CPU.Build.0 = Release|Any CPU
	EndGlobalSection
	GlobalSection(SolutionProperties) = preSolution
		HideSolutionNode = FALSE
	EndGlobalSection
	GlobalSection(ExtensibilityGlobals) = postSolution
		SolutionGuid = {F6AF40E2-C458-4BB9-BC15-733DB10AD5C5}
	EndGlobalSection
EndGlobal
